// !$*UTF8*$!
{
	archiveVersion = 1;
	classes = {
	};
	objectVersion = 50;
	objects = {

/* Begin PBXBuildFile section */
		C0175F02235636A500CDFA03 /* AppDelegate.swift in Sources */ = {isa = PBXBuildFile; fileRef = C0175F01235636A500CDFA03 /* AppDelegate.swift */; };
		C0175F04235636A500CDFA03 /* ViewController.swift in Sources */ = {isa = PBXBuildFile; fileRef = C0175F03235636A500CDFA03 /* ViewController.swift */; };
		C0175F07235636A500CDFA03 /* Main.storyboard in Resources */ = {isa = PBXBuildFile; fileRef = C0175F05235636A500CDFA03 /* Main.storyboard */; };
		C0175F0A235636A500CDFA03 /* The_Love_Tracker.xcdatamodeld in Sources */ = {isa = PBXBuildFile; fileRef = C0175F08235636A500CDFA03 /* The_Love_Tracker.xcdatamodeld */; };
		C0175F0C235636A700CDFA03 /* Assets.xcassets in Resources */ = {isa = PBXBuildFile; fileRef = C0175F0B235636A700CDFA03 /* Assets.xcassets */; };
		C0175F0F235636A700CDFA03 /* LaunchScreen.storyboard in Resources */ = {isa = PBXBuildFile; fileRef = C0175F0D235636A700CDFA03 /* LaunchScreen.storyboard */; };
/* End PBXBuildFile section */

/* Begin PBXFileReference section */
		C0175EFE235636A500CDFA03 /* The Love Tracker.app */ = {isa = PBXFileReference; explicitFileType = wrapper.application; includeInIndex = 0; path = "The Love Tracker.app"; sourceTree = BUILT_PRODUCTS_DIR; };
		C0175F01235636A500CDFA03 /* AppDelegate.swift */ = {isa = PBXFileReference; lastKnownFileType = sourcecode.swift; path = AppDelegate.swift; sourceTree = "<group>"; };
		C0175F03235636A500CDFA03 /* ViewController.swift */ = {isa = PBXFileReference; lastKnownFileType = sourcecode.swift; path = ViewController.swift; sourceTree = "<group>"; };
		C0175F06235636A500CDFA03 /* Base */ = {isa = PBXFileReference; lastKnownFileType = file.storyboard; name = Base; path = Base.lproj/Main.storyboard; sourceTree = "<group>"; };
		C0175F09235636A500CDFA03 /* The_Love_Tracker.xcdatamodel */ = {isa = PBXFileReference; lastKnownFileType = wrapper.xcdatamodel; path = The_Love_Tracker.xcdatamodel; sourceTree = "<group>"; };
		C0175F0B235636A700CDFA03 /* Assets.xcassets */ = {isa = PBXFileReference; lastKnownFileType = folder.assetcatalog; path = Assets.xcassets; sourceTree = "<group>"; };
		C0175F0E235636A700CDFA03 /* Base */ = {isa = PBXFileReference; lastKnownFileType = file.storyboard; name = Base; path = Base.lproj/LaunchScreen.storyboard; sourceTree = "<group>"; };
		C0175F10235636A700CDFA03 /* Info.plist */ = {isa = PBXFileReference; lastKnownFileType = text.plist.xml; path = Info.plist; sourceTree = "<group>"; };
/* End PBXFileReference section */

/* Begin PBXFrameworksBuildPhase section */
		C0175EFB235636A500CDFA03 /* Frameworks */ = {
			isa = PBXFrameworksBuildPhase;
			buildActionMask = 2147483647;
			files = (
			);
			runOnlyForDeploymentPostprocessing = 0;
		};
/* End PBXFrameworksBuildPhase section */

/* Begin PBXGroup section */
		C0175EF5235636A500CDFA03 = {
			isa = PBXGroup;
			children = (
				C0175F00235636A500CDFA03 /* The Love Tracker */,
				C0175EFF235636A500CDFA03 /* Products */,
			);
			sourceTree = "<group>";
		};
		C0175EFF235636A500CDFA03 /* Products */ = {
			isa = PBXGroup;
			children = (
				C0175EFE235636A500CDFA03 /* The Love Tracker.app */,
			);
			name = Products;
			sourceTree = "<group>";
		};
		C0175F00235636A500CDFA03 /* The Love Tracker */ = {
			isa = PBXGroup;
			children = (
				C0175F01235636A500CDFA03 /* AppDelegate.swift */,
				C0175F03235636A500CDFA03 /* ViewController.swift */,
				C0175F05235636A500CDFA03 /* Main.storyboard */,
				C0175F0B235636A700CDFA03 /* Assets.xcassets */,
				C0175F0D235636A700CDFA03 /* LaunchScreen.storyboard */,
				C0175F10235636A700CDFA03 /* Info.plist */,
				C0175F08235636A500CDFA03 /* The_Love_Tracker.xcdatamodeld */,
			);
			path = "The Love Tracker";
			sourceTree = "<group>";
		};
/* End PBXGroup section */

/* Begin PBXNativeTarget section */
		C0175EFD235636A500CDFA03 /* The Love Tracker */ = {
			isa = PBXNativeTarget;
			buildConfigurationList = C0175F13235636A700CDFA03 /* Build configuration list for PBXNativeTarget "The Love Tracker" */;
			buildPhases = (
				C0175EFA235636A500CDFA03 /* Sources */,
				C0175EFB235636A500CDFA03 /* Frameworks */,
				C0175EFC235636A500CDFA03 /* Resources */,
			);
			buildRules = (
			);
			dependencies = (
			);
			name = "The Love Tracker";
			productName = "The Love Tracker";
			productReference = C0175EFE235636A500CDFA03 /* The Love Tracker.app */;
			productType = "com.apple.product-type.application";
		};
/* End PBXNativeTarget section */

/* Begin PBXProject section */
		C0175EF6235636A500CDFA03 /* Project object */ = {
			isa = PBXProject;
			attributes = {
				LastSwiftUpdateCheck = 1010;
				LastUpgradeCheck = 1010;
				ORGANIZATIONNAME = "Aubree Lawrence";
				TargetAttributes = {
					C0175EFD235636A500CDFA03 = {
						CreatedOnToolsVersion = 10.1;
					};
				};
			};
			buildConfigurationList = C0175EF9235636A500CDFA03 /* Build configuration list for PBXProject "The Love Tracker" */;
			compatibilityVersion = "Xcode 9.3";
			developmentRegion = en;
			hasScannedForEncodings = 0;
			knownRegions = (
				en,
				Base,
			);
			mainGroup = C0175EF5235636A500CDFA03;
			productRefGroup = C0175EFF235636A500CDFA03 /* Products */;
			projectDirPath = "";
			projectRoot = "";
			targets = (
				C0175EFD235636A500CDFA03 /* The Love Tracker */,
			);
		};
/* End PBXProject section */

/* Begin PBXResourcesBuildPhase section */
		C0175EFC235636A500CDFA03 /* Resources */ = {
			isa = PBXResourcesBuildPhase;
			buildActionMask = 2147483647;
			files = (
				C0175F0F235636A700CDFA03 /* LaunchScreen.storyboard in Resources */,
				C0175F0C235636A700CDFA03 /* Assets.xcassets in Resources */,
				C0175F07235636A500CDFA03 /* Main.storyboard in Resources */,
			);
			runOnlyForDeploymentPostprocessing = 0;
		};
/* End PBXResourcesBuildPhase section */

/* Begin PBXSourcesBuildPhase section */
		C0175EFA235636A500CDFA03 /* Sources */ = {
			isa = PBXSourcesBuildPhase;
			buildActionMask = 2147483647;
			files = (
				C0175F0A235636A500CDFA03 /* The_Love_Tracker.xcdatamodeld in Sources */,
				C0175F04235636A500CDFA03 /* ViewController.swift in Sources */,
				C0175F02235636A500CDFA03 /* AppDelegate.swift in Sources */,
			);
			runOnlyForDeploymentPostprocessing = 0;
		};
/* End PBXSourcesBuildPhase section */

/* Begin PBXVariantGroup section */
		C0175F05235636A500CDFA03 /* Main.storyboard */ = {
			isa = PBXVariantGroup;
			children = (
				C0175F06235636A500CDFA03 /* Base */,
			);
			name = Main.storyboard;
			sourceTree = "<group>";
		};
		C0175F0D235636A700CDFA03 /* LaunchScreen.storyboard */ = {
			isa = PBXVariantGroup;
			children = (
				C0175F0E235636A700CDFA03 /* Base */,
			);
			name = LaunchScreen.storyboard;
			sourceTree = "<group>";
		};
/* End PBXVariantGroup section */

/* Begin XCBuildConfiguration section */
		C0175F11235636A700CDFA03 /* Debug */ = {
			isa = XCBuildConfiguration;
			buildSettings = {
				ALWAYS_SEARCH_USER_PATHS = NO;
				CLANG_ANALYZER_NONNULL = YES;
				CLANG_ANALYZER_NUMBER_OBJECT_CONVERSION = YES_AGGRESSIVE;
				CLANG_CXX_LANGUAGE_STANDARD = "gnu++14";
				CLANG_CXX_LIBRARY = "libc++";
				CLANG_ENABLE_MODULES = YES;
				CLANG_ENABLE_OBJC_ARC = YES;
				CLANG_ENABLE_OBJC_WEAK = YES;
				CLANG_WARN_BLOCK_CAPTURE_AUTORELEASING = YES;
				CLANG_WARN_BOOL_CONVERSION = YES;
				CLANG_WARN_COMMA = YES;
				CLANG_WARN_CONSTANT_CONVERSION = YES;
				CLANG_WARN_DEPRECATED_OBJC_IMPLEMENTATIONS = YES;
				CLANG_WARN_DIRECT_OBJC_ISA_USAGE = YES_ERROR;
				CLANG_WARN_DOCUMENTATION_COMMENTS = YES;
				CLANG_WARN_EMPTY_BODY = YES;
				CLANG_WARN_ENUM_CONVERSION = YES;
				CLANG_WARN_INFINITE_RECURSION = YES;
				CLANG_WARN_INT_CONVERSION = YES;
				CLANG_WARN_NON_LITERAL_NULL_CONVERSION = YES;
				CLANG_WARN_OBJC_IMPLICIT_RETAIN_SELF = YES;
				CLANG_WARN_OBJC_LITERAL_CONVERSION = YES;
				CLANG_WARN_OBJC_ROOT_CLASS = YES_ERROR;
				CLANG_WARN_RANGE_LOOP_ANALYSIS = YES;
				CLANG_WARN_STRICT_PROTOTYPES = YES;
				CLANG_WARN_SUSPICIOUS_MOVE = YES;
				CLANG_WARN_UNGUARDED_AVAILABILITY = YES_AGGRESSIVE;
				CLANG_WARN_UNREACHABLE_CODE = YES;
				CLANG_WARN__DUPLICATE_METHOD_MATCH = YES;
				CODE_SIGN_IDENTITY = "iPhone Developer";
				COPY_PHASE_STRIP = NO;
				DEBUG_INFORMATION_FORMAT = dwarf;
				ENABLE_STRICT_OBJC_MSGSEND = YES;
				ENABLE_TESTABILITY = YES;
				GCC_C_LANGUAGE_STANDARD = gnu11;
				GCC_DYNAMIC_NO_PIC = NO;
				GCC_NO_COMMON_BLOCKS = YES;
				GCC_OPTIMIZATION_LEVEL = 0;
				GCC_PREPROCESSOR_DEFINITIONS = (
					"DEBUG=1",
					"$(inherited)",
				);
				GCC_WARN_64_TO_32_BIT_CONVERSION = YES;
				GCC_WARN_ABOUT_RETURN_TYPE = YES_ERROR;
				GCC_WARN_UNDECLARED_SELECTOR = YES;
				GCC_WARN_UNINITIALIZED_AUTOS = YES_AGGRESSIVE;
				GCC_WARN_UNUSED_FUNCTION = YES;
				GCC_WARN_UNUSED_VARIABLE = YES;
				IPHONEOS_DEPLOYMENT_TARGET = 12.1;
				MTL_ENABLE_DEBUG_INFO = INCLUDE_SOURCE;
				MTL_FAST_MATH = YES;
				ONLY_ACTIVE_ARCH = YES;
				SDKROOT = iphoneos;
				SWIFT_ACTIVE_COMPILATION_CONDITIONS = DEBUG;
				SWIFT_OPTIMIZATION_LEVEL = "-Onone";
			};
			name = Debug;
		};
		C0175F12235636A700CDFA03 /* Release */ = {
			isa = XCBuildConfiguration;
			buildSettings = {
				ALWAYS_SEARCH_USER_PATHS = NO;
				CLANG_ANALYZER_NONNULL = YES;
				CLANG_ANALYZER_NUMBER_OBJECT_CONVERSION = YES_AGGRESSIVE;
				CLANG_CXX_LANGUAGE_STANDARD = "gnu++14";
				CLANG_CXX_LIBRARY = "libc++";
				CLANG_ENABLE_MODULES = YES;
				CLANG_ENABLE_OBJC_ARC = YES;
				CLANG_ENABLE_OBJC_WEAK = YES;
				CLANG_WARN_BLOCK_CAPTURE_AUTORELEASING = YES;
				CLANG_WARN_BOOL_CONVERSION = YES;
				CLANG_WARN_COMMA = YES;
				CLANG_WARN_CONSTANT_CONVERSION = YES;
				CLANG_WARN_DEPRECATED_OBJC_IMPLEMENTATIONS = YES;
				CLANG_WARN_DIRECT_OBJC_ISA_USAGE = YES_ERROR;
				CLANG_WARN_DOCUMENTATION_COMMENTS = YES;
				CLANG_WARN_EMPTY_BODY = YES;
				CLANG_WARN_ENUM_CONVERSION = YES;
				CLANG_WARN_INFINITE_RECURSION = YES;
				CLANG_WARN_INT_CONVERSION = YES;
				CLANG_WARN_NON_LITERAL_NULL_CONVERSION = YES;
				CLANG_WARN_OBJC_IMPLICIT_RETAIN_SELF = YES;
				CLANG_WARN_OBJC_LITERAL_CONVERSION = YES;
				CLANG_WARN_OBJC_ROOT_CLASS = YES_ERROR;
				CLANG_WARN_RANGE_LOOP_ANALYSIS = YES;
				CLANG_WARN_STRICT_PROTOTYPES = YES;
				CLANG_WARN_SUSPICIOUS_MOVE = YES;
				CLANG_WARN_UNGUARDED_AVAILABILITY = YES_AGGRESSIVE;
				CLANG_WARN_UNREACHABLE_CODE = YES;
				CLANG_WARN__DUPLICATE_METHOD_MATCH = YES;
				CODE_SIGN_IDENTITY = "iPhone Developer";
				COPY_PHASE_STRIP = NO;
				DEBUG_INFORMATION_FORMAT = "dwarf-with-dsym";
				ENABLE_NS_ASSERTIONS = NO;
				ENABLE_STRICT_OBJC_MSGSEND = YES;
				GCC_C_LANGUAGE_STANDARD = gnu11;
				GCC_NO_COMMON_BLOCKS = YES;
				GCC_WARN_64_TO_32_BIT_CONVERSION = YES;
				GCC_WARN_ABOUT_RETURN_TYPE = YES_ERROR;
				GCC_WARN_UNDECLARED_SELECTOR = YES;
				GCC_WARN_UNINITIALIZED_AUTOS = YES_AGGRESSIVE;
				GCC_WARN_UNUSED_FUNCTION = YES;
				GCC_WARN_UNUSED_VARIABLE = YES;
				IPHONEOS_DEPLOYMENT_TARGET = 12.1;
				MTL_ENABLE_DEBUG_INFO = NO;
				MTL_FAST_MATH = YES;
				SDKROOT = iphoneos;
				SWIFT_COMPILATION_MODE = wholemodule;
				SWIFT_OPTIMIZATION_LEVEL = "-O";
				VALIDATE_PRODUCT = YES;
			};
			name = Release;
		};
		C0175F14235636A700CDFA03 /* Debug */ = {
			isa = XCBuildConfiguration;
			buildSettings = {
				ASSETCATALOG_COMPILER_APPICON_NAME = AppIcon;
				CODE_SIGN_STYLE = Automatic;
				DEVELOPMENT_TEAM = 2WN5MY7582;
				INFOPLIST_FILE = "The Love Tracker/Info.plist";
				LD_RUNPATH_SEARCH_PATHS = (
					"$(inherited)",
					"@executable_path/Frameworks",
				);
				PRODUCT_BUNDLE_IDENTIFIER = "com.aubreel.The-Love-Tracker";
				PRODUCT_NAME = "$(TARGET_NAME)";
				SWIFT_VERSION = 4.2;
				TARGETED_DEVICE_FAMILY = "1,2";
			};
			name = Debug;
		};
		C0175F15235636A700CDFA03 /* Release */ = {
			isa = XCBuildConfiguration;
			buildSettings = {
				ASSETCATALOG_COMPILER_APPICON_NAME = AppIcon;
				CODE_SIGN_STYLE = Automatic;
				DEVELOPMENT_TEAM = 2WN5MY7582;
				INFOPLIST_FILE = "The Love Tracker/Info.plist";
				LD_RUNPATH_SEARCH_PATHS = (
					"$(inherited)",
					"@executable_path/Frameworks",
				);
				PRODUCT_BUNDLE_IDENTIFIER = "com.aubreel.The-Love-Tracker";
				PRODUCT_NAME = "$(TARGET_NAME)";
				SWIFT_VERSION = 4.2;
				TARGETED_DEVICE_FAMILY = "1,2";
			};
			name = Release;
		};
/* End XCBuildConfiguration section */

/* Begin XCConfigurationList section */
		C0175EF9235636A500CDFA03 /* Build configuration list for PBXProject "The Love Tracker" */ = {
			isa = XCConfigurationList;
			buildConfigurations = (
				C0175F11235636A700CDFA03 /* Debug */,
				C0175F12235636A700CDFA03 /* Release */,
			);
			defaultConfigurationIsVisible = 0;
			defaultConfigurationName = Release;
		};
		C0175F13235636A700CDFA03 /* Build configuration list for PBXNativeTarget "The Love Tracker" */ = {
			isa = XCConfigurationList;
			buildConfigurations = (
				C0175F14235636A700CDFA03 /* Debug */,
				C0175F15235636A700CDFA03 /* Release */,
			);
			defaultConfigurationIsVisible = 0;
			defaultConfigurationName = Release;
		};
/* End XCConfigurationList section */

/* Begin XCVersionGroup section */
		C0175F08235636A500CDFA03 /* The_Love_Tracker.xcdatamodeld */ = {
			isa = XCVersionGroup;
			children = (
				C0175F09235636A500CDFA03 /* The_Love_Tracker.xcdatamodel */,
			);
			currentVersion = C0175F09235636A500CDFA03 /* The_Love_Tracker.xcdatamodel */;
			path = The_Love_Tracker.xcdatamodeld;
			sourceTree = "<group>";
			versionGroupType = wrapper.xcdatamodel;
		};
/* End XCVersionGroup section */
	};
	rootObject = C0175EF6235636A500CDFA03 /* Project object */;
}
